
Microsoft Visual Studio Solution File, Format Version 12.00
# Visual Studio Version 16
VisualStudioVersion = 16.0.35130.168
MinimumVisualStudioVersion = 10.0.40219.1
Project("{F184B08F-C81C-45F6-A57F-5ABD9991F28F}") = "eva2", "eva2\eva2.vbproj", "{6EFFD609-D3C5-4FCE-AC14-3208BDA62712}"
EndProject
Global
	GlobalSection(SolutionConfigurationPlatforms) = preSolution
		Debug|Any CPU = Debug|Any CPU
		Release|Any CPU = Release|Any CPU
	EndGlobalSection
	GlobalSection(ProjectConfigurationPlatforms) = postSolution
		{6EFFD609-D3C5-4FCE-AC14-3208BDA62712}.Debug|Any CPU.ActiveCfg = Debug|Any CPU
		{6EFFD609-D3C5-4FCE-AC14-3208BDA62712}.Debug|Any CPU.Build.0 = Debug|Any CPU
		{6EFFD609-D3C5-4FCE-AC14-3208BDA62712}.Release|Any CPU.ActiveCfg = Release|Any CPU
		{6EFFD609-D3C5-4FCE-AC14-3208BDA62712}.Release|Any CPU.Build.0 = Release|Any CPU
	EndGlobalSection
	GlobalSection(SolutionProperties) = preSolution
		HideSolutionNode = FALSE
	EndGlobalSection
	GlobalSection(ExtensibilityGlobals) = postSolution
		SolutionGuid = {B5BA8C2A-1DC2-4956-B2DF-44AAA039C680}
	EndGlobalSection
EndGlobal
